
Microsoft Visual Studio Solution File, Format Version 12.00
# Visual Studio Version 17
VisualStudioVersion = 17.4.33122.133
MinimumVisualStudioVersion = 10.0.40219.1
Project("{FAE04EC0-301F-11D3-BF4B-00C04F79EFBC}") = "Otus_HW12_Prototype", "Otus_HW12_Prototype.csproj", "{0B324A3A-0944-4EE5-B132-AC37AFFBC422}"
EndProject
Global
	GlobalSection(SolutionConfigurationPlatforms) = preSolution
		Debug|Any CPU = Debug|Any CPU
		Release|Any CPU = Release|Any CPU
	EndGlobalSection
	GlobalSection(ProjectConfigurationPlatforms) = postSolution
		{0B324A3A-0944-4EE5-B132-AC37AFFBC422}.Debug|Any CPU.ActiveCfg = Debug|Any CPU
		{0B324A3A-0944-4EE5-B132-AC37AFFBC422}.Debug|Any CPU.Build.0 = Debug|Any CPU
		{0B324A3A-0944-4EE5-B132-AC37AFFBC422}.Release|Any CPU.ActiveCfg = Release|Any CPU
		{0B324A3A-0944-4EE5-B132-AC37AFFBC422}.Release|Any CPU.Build.0 = Release|Any CPU
	EndGlobalSection
	GlobalSection(SolutionProperties) = preSolution
		HideSolutionNode = FALSE
	EndGlobalSection
	GlobalSection(ExtensibilityGlobals) = postSolution
		SolutionGuid = {7B07AF3C-815E-4C84-97F0-3A67A5763B4B}
	EndGlobalSection
EndGlobal
